// !$*UTF8*$!
{
	archiveVersion = 1;
	classes = {
	};
	objectVersion = 50;
	objects = {

/* Begin PBXBuildFile section */
		607E8C6223E8506E009BB858 /* AppDelegate.swift in Sources */ = {isa = PBXBuildFile; fileRef = 607E8C6123E8506E009BB858 /* AppDelegate.swift */; };
		607E8C6423E8506E009BB858 /* SceneDelegate.swift in Sources */ = {isa = PBXBuildFile; fileRef = 607E8C6323E8506E009BB858 /* SceneDelegate.swift */; };
		607E8C6823E85070009BB858 /* Assets.xcassets in Resources */ = {isa = PBXBuildFile; fileRef = 607E8C6723E85070009BB858 /* Assets.xcassets */; };
		607E8C6B23E85070009BB858 /* Preview Assets.xcassets in Resources */ = {isa = PBXBuildFile; fileRef = 607E8C6A23E85070009BB858 /* Preview Assets.xcassets */; };
		607E8C6E23E85070009BB858 /* LaunchScreen.storyboard in Resources */ = {isa = PBXBuildFile; fileRef = 607E8C6C23E85070009BB858 /* LaunchScreen.storyboard */; };
		607E8C7923E85070009BB858 /* OnboardingAppTests.swift in Sources */ = {isa = PBXBuildFile; fileRef = 607E8C7823E85070009BB858 /* OnboardingAppTests.swift */; };
		607E8C8423E85070009BB858 /* OnboardingAppUITests.swift in Sources */ = {isa = PBXBuildFile; fileRef = 607E8C8323E85070009BB858 /* OnboardingAppUITests.swift */; };
		607E8C9223E851B6009BB858 /* Subview.swift in Sources */ = {isa = PBXBuildFile; fileRef = 607E8C9123E851B6009BB858 /* Subview.swift */; };
		607E8C9423E8522F009BB858 /* OnboardingView.swift in Sources */ = {isa = PBXBuildFile; fileRef = 607E8C9323E8522F009BB858 /* OnboardingView.swift */; };
		607E8C9623E852FD009BB858 /* PageViewController.swift in Sources */ = {isa = PBXBuildFile; fileRef = 607E8C9523E852FD009BB858 /* PageViewController.swift */; };
/* End PBXBuildFile section */

/* Begin PBXContainerItemProxy section */
		607E8C7523E85070009BB858 /* PBXContainerItemProxy */ = {
			isa = PBXContainerItemProxy;
			containerPortal = 607E8C5623E8506E009BB858 /* Project object */;
			proxyType = 1;
			remoteGlobalIDString = 607E8C5D23E8506E009BB858;
			remoteInfo = OnboardingApp;
		};
		607E8C8023E85070009BB858 /* PBXContainerItemProxy */ = {
			isa = PBXContainerItemProxy;
			containerPortal = 607E8C5623E8506E009BB858 /* Project object */;
			proxyType = 1;
			remoteGlobalIDString = 607E8C5D23E8506E009BB858;
			remoteInfo = OnboardingApp;
		};
/* End PBXContainerItemProxy section */

/* Begin PBXFileReference section */
		607E8C5E23E8506E009BB858 /* OnboardingApp.app */ = {isa = PBXFileReference; explicitFileType = wrapper.application; includeInIndex = 0; path = OnboardingApp.app; sourceTree = BUILT_PRODUCTS_DIR; };
		607E8C6123E8506E009BB858 /* AppDelegate.swift */ = {isa = PBXFileReference; lastKnownFileType = sourcecode.swift; path = AppDelegate.swift; sourceTree = "<group>"; };
		607E8C6323E8506E009BB858 /* SceneDelegate.swift */ = {isa = PBXFileReference; lastKnownFileType = sourcecode.swift; path = SceneDelegate.swift; sourceTree = "<group>"; };
		607E8C6723E85070009BB858 /* Assets.xcassets */ = {isa = PBXFileReference; lastKnownFileType = folder.assetcatalog; path = Assets.xcassets; sourceTree = "<group>"; };
		607E8C6A23E85070009BB858 /* Preview Assets.xcassets */ = {isa = PBXFileReference; lastKnownFileType = folder.assetcatalog; path = "Preview Assets.xcassets"; sourceTree = "<group>"; };
		607E8C6D23E85070009BB858 /* Base */ = {isa = PBXFileReference; lastKnownFileType = file.storyboard; name = Base; path = Base.lproj/LaunchScreen.storyboard; sourceTree = "<group>"; };
		607E8C6F23E85070009BB858 /* Info.plist */ = {isa = PBXFileReference; lastKnownFileType = text.plist.xml; path = Info.plist; sourceTree = "<group>"; };
		607E8C7423E85070009BB858 /* OnboardingAppTests.xctest */ = {isa = PBXFileReference; explicitFileType = wrapper.cfbundle; includeInIndex = 0; path = OnboardingAppTests.xctest; sourceTree = BUILT_PRODUCTS_DIR; };
		607E8C7823E85070009BB858 /* OnboardingAppTests.swift */ = {isa = PBXFileReference; lastKnownFileType = sourcecode.swift; path = OnboardingAppTests.swift; sourceTree = "<group>"; };
		607E8C7A23E85070009BB858 /* Info.plist */ = {isa = PBXFileReference; lastKnownFileType = text.plist.xml; path = Info.plist; sourceTree = "<group>"; };
		607E8C7F23E85070009BB858 /* OnboardingAppUITests.xctest */ = {isa = PBXFileReference; explicitFileType = wrapper.cfbundle; includeInIndex = 0; path = OnboardingAppUITests.xctest; sourceTree = BUILT_PRODUCTS_DIR; };
		607E8C8323E85070009BB858 /* OnboardingAppUITests.swift */ = {isa = PBXFileReference; lastKnownFileType = sourcecode.swift; path = OnboardingAppUITests.swift; sourceTree = "<group>"; };
		607E8C8523E85070009BB858 /* Info.plist */ = {isa = PBXFileReference; lastKnownFileType = text.plist.xml; path = Info.plist; sourceTree = "<group>"; };
		607E8C9123E851B6009BB858 /* Subview.swift */ = {isa = PBXFileReference; lastKnownFileType = sourcecode.swift; path = Subview.swift; sourceTree = "<group>"; };
		607E8C9323E8522F009BB858 /* OnboardingView.swift */ = {isa = PBXFileReference; lastKnownFileType = sourcecode.swift; path = OnboardingView.swift; sourceTree = "<group>"; };
		607E8C9523E852FD009BB858 /* PageViewController.swift */ = {isa = PBXFileReference; lastKnownFileType = sourcecode.swift; path = PageViewController.swift; sourceTree = "<group>"; };
/* End PBXFileReference section */

/* Begin PBXFrameworksBuildPhase section */
		607E8C5B23E8506E009BB858 /* Frameworks */ = {
			isa = PBXFrameworksBuildPhase;
			buildActionMask = 2147483647;
			files = (
			);
			runOnlyForDeploymentPostprocessing = 0;
		};
		607E8C7123E85070009BB858 /* Frameworks */ = {
			isa = PBXFrameworksBuildPhase;
			buildActionMask = 2147483647;
			files = (
			);
			runOnlyForDeploymentPostprocessing = 0;
		};
		607E8C7C23E85070009BB858 /* Frameworks */ = {
			isa = PBXFrameworksBuildPhase;
			buildActionMask = 2147483647;
			files = (
			);
			runOnlyForDeploymentPostprocessing = 0;
		};
/* End PBXFrameworksBuildPhase section */

/* Begin PBXGroup section */
		607E8C5523E8506E009BB858 = {
			isa = PBXGroup;
			children = (
				607E8C6023E8506E009BB858 /* OnboardingApp */,
				607E8C7723E85070009BB858 /* OnboardingAppTests */,
				607E8C8223E85070009BB858 /* OnboardingAppUITests */,
				607E8C5F23E8506E009BB858 /* Products */,
			);
			sourceTree = "<group>";
		};
		607E8C5F23E8506E009BB858 /* Products */ = {
			isa = PBXGroup;
			children = (
				607E8C5E23E8506E009BB858 /* OnboardingApp.app */,
				607E8C7423E85070009BB858 /* OnboardingAppTests.xctest */,
				607E8C7F23E85070009BB858 /* OnboardingAppUITests.xctest */,
			);
			name = Products;
			sourceTree = "<group>";
		};
		607E8C6023E8506E009BB858 /* OnboardingApp */ = {
			isa = PBXGroup;
			children = (
				607E8C6123E8506E009BB858 /* AppDelegate.swift */,
				607E8C6323E8506E009BB858 /* SceneDelegate.swift */,
				607E8C9523E852FD009BB858 /* PageViewController.swift */,
				607E8C9123E851B6009BB858 /* Subview.swift */,
				607E8C9323E8522F009BB858 /* OnboardingView.swift */,
				607E8C6723E85070009BB858 /* Assets.xcassets */,
				607E8C6C23E85070009BB858 /* LaunchScreen.storyboard */,
				607E8C6F23E85070009BB858 /* Info.plist */,
				607E8C6923E85070009BB858 /* Preview Content */,
			);
			path = OnboardingApp;
			sourceTree = "<group>";
		};
		607E8C6923E85070009BB858 /* Preview Content */ = {
			isa = PBXGroup;
			children = (
				607E8C6A23E85070009BB858 /* Preview Assets.xcassets */,
			);
			path = "Preview Content";
			sourceTree = "<group>";
		};
		607E8C7723E85070009BB858 /* OnboardingAppTests */ = {
			isa = PBXGroup;
			children = (
				607E8C7823E85070009BB858 /* OnboardingAppTests.swift */,
				607E8C7A23E85070009BB858 /* Info.plist */,
			);
			path = OnboardingAppTests;
			sourceTree = "<group>";
		};
		607E8C8223E85070009BB858 /* OnboardingAppUITests */ = {
			isa = PBXGroup;
			children = (
				607E8C8323E85070009BB858 /* OnboardingAppUITests.swift */,
				607E8C8523E85070009BB858 /* Info.plist */,
			);
			path = OnboardingAppUITests;
			sourceTree = "<group>";
		};
/* End PBXGroup section */

/* Begin PBXNativeTarget section */
		607E8C5D23E8506E009BB858 /* OnboardingApp */ = {
			isa = PBXNativeTarget;
			buildConfigurationList = 607E8C8823E85070009BB858 /* Build configuration list for PBXNativeTarget "OnboardingApp" */;
			buildPhases = (
				607E8C5A23E8506E009BB858 /* Sources */,
				607E8C5B23E8506E009BB858 /* Frameworks */,
				607E8C5C23E8506E009BB858 /* Resources */,
			);
			buildRules = (
			);
			dependencies = (
			);
			name = OnboardingApp;
			productName = OnboardingApp;
			productReference = 607E8C5E23E8506E009BB858 /* OnboardingApp.app */;
			productType = "com.apple.product-type.application";
		};
		607E8C7323E85070009BB858 /* OnboardingAppTests */ = {
			isa = PBXNativeTarget;
			buildConfigurationList = 607E8C8B23E85070009BB858 /* Build configuration list for PBXNativeTarget "OnboardingAppTests" */;
			buildPhases = (
				607E8C7023E85070009BB858 /* Sources */,
				607E8C7123E85070009BB858 /* Frameworks */,
				607E8C7223E85070009BB858 /* Resources */,
			);
			buildRules = (
			);
			dependencies = (
				607E8C7623E85070009BB858 /* PBXTargetDependency */,
			);
			name = OnboardingAppTests;
			productName = OnboardingAppTests;
			productReference = 607E8C7423E85070009BB858 /* OnboardingAppTests.xctest */;
			productType = "com.apple.product-type.bundle.unit-test";
		};
		607E8C7E23E85070009BB858 /* OnboardingAppUITests */ = {
			isa = PBXNativeTarget;
			buildConfigurationList = 607E8C8E23E85070009BB858 /* Build configuration list for PBXNativeTarget "OnboardingAppUITests" */;
			buildPhases = (
				607E8C7B23E85070009BB858 /* Sources */,
				607E8C7C23E85070009BB858 /* Frameworks */,
				607E8C7D23E85070009BB858 /* Resources */,
			);
			buildRules = (
			);
			dependencies = (
				607E8C8123E85070009BB858 /* PBXTargetDependency */,
			);
			name = OnboardingAppUITests;
			productName = OnboardingAppUITests;
			productReference = 607E8C7F23E85070009BB858 /* OnboardingAppUITests.xctest */;
			productType = "com.apple.product-type.bundle.ui-testing";
		};
/* End PBXNativeTarget section */

/* Begin PBXProject section */
		607E8C5623E8506E009BB858 /* Project object */ = {
			isa = PBXProject;
			attributes = {
				LastSwiftUpdateCheck = 1130;
				LastUpgradeCheck = 1130;
				ORGANIZATIONNAME = "Grant Rudow";
				TargetAttributes = {
					607E8C5D23E8506E009BB858 = {
						CreatedOnToolsVersion = 11.3.1;
					};
					607E8C7323E85070009BB858 = {
						CreatedOnToolsVersion = 11.3.1;
						TestTargetID = 607E8C5D23E8506E009BB858;
					};
					607E8C7E23E85070009BB858 = {
						CreatedOnToolsVersion = 11.3.1;
						TestTargetID = 607E8C5D23E8506E009BB858;
					};
				};
			};
			buildConfigurationList = 607E8C5923E8506E009BB858 /* Build configuration list for PBXProject "OnboardingApp" */;
			compatibilityVersion = "Xcode 9.3";
			developmentRegion = en;
			hasScannedForEncodings = 0;
			knownRegions = (
				en,
				Base,
			);
			mainGroup = 607E8C5523E8506E009BB858;
			productRefGroup = 607E8C5F23E8506E009BB858 /* Products */;
			projectDirPath = "";
			projectRoot = "";
			targets = (
				607E8C5D23E8506E009BB858 /* OnboardingApp */,
				607E8C7323E85070009BB858 /* OnboardingAppTests */,
				607E8C7E23E85070009BB858 /* OnboardingAppUITests */,
			);
		};
/* End PBXProject section */

/* Begin PBXResourcesBuildPhase section */
		607E8C5C23E8506E009BB858 /* Resources */ = {
			isa = PBXResourcesBuildPhase;
			buildActionMask = 2147483647;
			files = (
				607E8C6E23E85070009BB858 /* LaunchScreen.storyboard in Resources */,
				607E8C6B23E85070009BB858 /* Preview Assets.xcassets in Resources */,
				607E8C6823E85070009BB858 /* Assets.xcassets in Resources */,
			);
			runOnlyForDeploymentPostprocessing = 0;
		};
		607E8C7223E85070009BB858 /* Resources */ = {
			isa = PBXResourcesBuildPhase;
			buildActionMask = 2147483647;
			files = (
			);
			runOnlyForDeploymentPostprocessing = 0;
		};
		607E8C7D23E85070009BB858 /* Resources */ = {
			isa = PBXResourcesBuildPhase;
			buildActionMask = 2147483647;
			files = (
			);
			runOnlyForDeploymentPostprocessing = 0;
		};
/* End PBXResourcesBuildPhase section */

/* Begin PBXSourcesBuildPhase section */
		607E8C5A23E8506E009BB858 /* Sources */ = {
			isa = PBXSourcesBuildPhase;
			buildActionMask = 2147483647;
			files = (
				607E8C6223E8506E009BB858 /* AppDelegate.swift in Sources */,
				607E8C9623E852FD009BB858 /* PageViewController.swift in Sources */,
				607E8C9223E851B6009BB858 /* Subview.swift in Sources */,
				607E8C6423E8506E009BB858 /* SceneDelegate.swift in Sources */,
				607E8C9423E8522F009BB858 /* OnboardingView.swift in Sources */,
			);
			runOnlyForDeploymentPostprocessing = 0;
		};
		607E8C7023E85070009BB858 /* Sources */ = {
			isa = PBXSourcesBuildPhase;
			buildActionMask = 2147483647;
			files = (
				607E8C7923E85070009BB858 /* OnboardingAppTests.swift in Sources */,
			);
			runOnlyForDeploymentPostprocessing = 0;
		};
		607E8C7B23E85070009BB858 /* Sources */ = {
			isa = PBXSourcesBuildPhase;
			buildActionMask = 2147483647;
			files = (
				607E8C8423E85070009BB858 /* OnboardingAppUITests.swift in Sources */,
			);
			runOnlyForDeploymentPostprocessing = 0;
		};
/* End PBXSourcesBuildPhase section */

/* Begin PBXTargetDependency section */
		607E8C7623E85070009BB858 /* PBXTargetDependency */ = {
			isa = PBXTargetDependency;
			target = 607E8C5D23E8506E009BB858 /* OnboardingApp */;
			targetProxy = 607E8C7523E85070009BB858 /* PBXContainerItemProxy */;
		};
		607E8C8123E85070009BB858 /* PBXTargetDependency */ = {
			isa = PBXTargetDependency;
			target = 607E8C5D23E8506E009BB858 /* OnboardingApp */;
			targetProxy = 607E8C8023E85070009BB858 /* PBXContainerItemProxy */;
		};
/* End PBXTargetDependency section */

/* Begin PBXVariantGroup section */
		607E8C6C23E85070009BB858 /* LaunchScreen.storyboard */ = {
			isa = PBXVariantGroup;
			children = (
				607E8C6D23E85070009BB858 /* Base */,
			);
			name = LaunchScreen.storyboard;
			sourceTree = "<group>";
		};
/* End PBXVariantGroup section */

/* Begin XCBuildConfiguration section */
		607E8C8623E85070009BB858 /* Debug */ = {
			isa = XCBuildConfiguration;
			buildSettings = {
				ALWAYS_SEARCH_USER_PATHS = NO;
				CLANG_ANALYZER_NONNULL = YES;
				CLANG_ANALYZER_NUMBER_OBJECT_CONVERSION = YES_AGGRESSIVE;
				CLANG_CXX_LANGUAGE_STANDARD = "gnu++14";
				CLANG_CXX_LIBRARY = "libc++";
				CLANG_ENABLE_MODULES = YES;
				CLANG_ENABLE_OBJC_ARC = YES;
				CLANG_ENABLE_OBJC_WEAK = YES;
				CLANG_WARN_BLOCK_CAPTURE_AUTORELEASING = YES;
				CLANG_WARN_BOOL_CONVERSION = YES;
				CLANG_WARN_COMMA = YES;
				CLANG_WARN_CONSTANT_CONVERSION = YES;
				CLANG_WARN_DEPRECATED_OBJC_IMPLEMENTATIONS = YES;
				CLANG_WARN_DIRECT_OBJC_ISA_USAGE = YES_ERROR;
				CLANG_WARN_DOCUMENTATION_COMMENTS = YES;
				CLANG_WARN_EMPTY_BODY = YES;
				CLANG_WARN_ENUM_CONVERSION = YES;
				CLANG_WARN_INFINITE_RECURSION = YES;
				CLANG_WARN_INT_CONVERSION = YES;
				CLANG_WARN_NON_LITERAL_NULL_CONVERSION = YES;
				CLANG_WARN_OBJC_IMPLICIT_RETAIN_SELF = YES;
				CLANG_WARN_OBJC_LITERAL_CONVERSION = YES;
				CLANG_WARN_OBJC_ROOT_CLASS = YES_ERROR;
				CLANG_WARN_RANGE_LOOP_ANALYSIS = YES;
				CLANG_WARN_STRICT_PROTOTYPES = YES;
				CLANG_WARN_SUSPICIOUS_MOVE = YES;
				CLANG_WARN_UNGUARDED_AVAILABILITY = YES_AGGRESSIVE;
				CLANG_WARN_UNREACHABLE_CODE = YES;
				CLANG_WARN__DUPLICATE_METHOD_MATCH = YES;
				COPY_PHASE_STRIP = NO;
				DEBUG_INFORMATION_FORMAT = dwarf;
				ENABLE_STRICT_OBJC_MSGSEND = YES;
				ENABLE_TESTABILITY = YES;
				GCC_C_LANGUAGE_STANDARD = gnu11;
				GCC_DYNAMIC_NO_PIC = NO;
				GCC_NO_COMMON_BLOCKS = YES;
				GCC_OPTIMIZATION_LEVEL = 0;
				GCC_PREPROCESSOR_DEFINITIONS = (
					"DEBUG=1",
					"$(inherited)",
				);
				GCC_WARN_64_TO_32_BIT_CONVERSION = YES;
				GCC_WARN_ABOUT_RETURN_TYPE = YES_ERROR;
				GCC_WARN_UNDECLARED_SELECTOR = YES;
				GCC_WARN_UNINITIALIZED_AUTOS = YES_AGGRESSIVE;
				GCC_WARN_UNUSED_FUNCTION = YES;
				GCC_WARN_UNUSED_VARIABLE = YES;
				IPHONEOS_DEPLOYMENT_TARGET = 13.2;
				MTL_ENABLE_DEBUG_INFO = INCLUDE_SOURCE;
				MTL_FAST_MATH = YES;
				ONLY_ACTIVE_ARCH = YES;
				SDKROOT = iphoneos;
				SWIFT_ACTIVE_COMPILATION_CONDITIONS = DEBUG;
				SWIFT_OPTIMIZATION_LEVEL = "-Onone";
			};
			name = Debug;
		};
		607E8C8723E85070009BB858 /* Release */ = {
			isa = XCBuildConfiguration;
			buildSettings = {
				ALWAYS_SEARCH_USER_PATHS = NO;
				CLANG_ANALYZER_NONNULL = YES;
				CLANG_ANALYZER_NUMBER_OBJECT_CONVERSION = YES_AGGRESSIVE;
				CLANG_CXX_LANGUAGE_STANDARD = "gnu++14";
				CLANG_CXX_LIBRARY = "libc++";
				CLANG_ENABLE_MODULES = YES;
				CLANG_ENABLE_OBJC_ARC = YES;
				CLANG_ENABLE_OBJC_WEAK = YES;
				CLANG_WARN_BLOCK_CAPTURE_AUTORELEASING = YES;
				CLANG_WARN_BOOL_CONVERSION = YES;
				CLANG_WARN_COMMA = YES;
				CLANG_WARN_CONSTANT_CONVERSION = YES;
				CLANG_WARN_DEPRECATED_OBJC_IMPLEMENTATIONS = YES;
				CLANG_WARN_DIRECT_OBJC_ISA_USAGE = YES_ERROR;
				CLANG_WARN_DOCUMENTATION_COMMENTS = YES;
				CLANG_WARN_EMPTY_BODY = YES;
				CLANG_WARN_ENUM_CONVERSION = YES;
				CLANG_WARN_INFINITE_RECURSION = YES;
				CLANG_WARN_INT_CONVERSION = YES;
				CLANG_WARN_NON_LITERAL_NULL_CONVERSION = YES;
				CLANG_WARN_OBJC_IMPLICIT_RETAIN_SELF = YES;
				CLANG_WARN_OBJC_LITERAL_CONVERSION = YES;
				CLANG_WARN_OBJC_ROOT_CLASS = YES_ERROR;
				CLANG_WARN_RANGE_LOOP_ANALYSIS = YES;
				CLANG_WARN_STRICT_PROTOTYPES = YES;
				CLANG_WARN_SUSPICIOUS_MOVE = YES;
				CLANG_WARN_UNGUARDED_AVAILABILITY = YES_AGGRESSIVE;
				CLANG_WARN_UNREACHABLE_CODE = YES;
				CLANG_WARN__DUPLICATE_METHOD_MATCH = YES;
				COPY_PHASE_STRIP = NO;
				DEBUG_INFORMATION_FORMAT = "dwarf-with-dsym";
				ENABLE_NS_ASSERTIONS = NO;
				ENABLE_STRICT_OBJC_MSGSEND = YES;
				GCC_C_LANGUAGE_STANDARD = gnu11;
				GCC_NO_COMMON_BLOCKS = YES;
				GCC_WARN_64_TO_32_BIT_CONVERSION = YES;
				GCC_WARN_ABOUT_RETURN_TYPE = YES_ERROR;
				GCC_WARN_UNDECLARED_SELECTOR = YES;
				GCC_WARN_UNINITIALIZED_AUTOS = YES_AGGRESSIVE;
				GCC_WARN_UNUSED_FUNCTION = YES;
				GCC_WARN_UNUSED_VARIABLE = YES;
				IPHONEOS_DEPLOYMENT_TARGET = 13.2;
				MTL_ENABLE_DEBUG_INFO = NO;
				MTL_FAST_MATH = YES;
				SDKROOT = iphoneos;
				SWIFT_COMPILATION_MODE = wholemodule;
				SWIFT_OPTIMIZATION_LEVEL = "-O";
				VALIDATE_PRODUCT = YES;
			};
			name = Release;
		};
		607E8C8923E85070009BB858 /* Debug */ = {
			isa = XCBuildConfiguration;
			buildSettings = {
				ASSETCATALOG_COMPILER_APPICON_NAME = AppIcon;
				CODE_SIGN_STYLE = Automatic;
				DEVELOPMENT_ASSET_PATHS = "\"OnboardingApp/Preview Content\"";
				DEVELOPMENT_TEAM = 7TJ24QBY4P;
				ENABLE_PREVIEWS = YES;
				INFOPLIST_FILE = OnboardingApp/Info.plist;
				LD_RUNPATH_SEARCH_PATHS = (
					"$(inherited)",
					"@executable_path/Frameworks",
				);
				PRODUCT_BUNDLE_IDENTIFIER = com.grantrudow.OnboardingApp;
				PRODUCT_NAME = "$(TARGET_NAME)";
				SWIFT_VERSION = 5.0;
				TARGETED_DEVICE_FAMILY = "1,2";
			};
			name = Debug;
		};
		607E8C8A23E85070009BB858 /* Release */ = {
			isa = XCBuildConfiguration;
			buildSettings = {
				ASSETCATALOG_COMPILER_APPICON_NAME = AppIcon;
				CODE_SIGN_STYLE = Automatic;
				DEVELOPMENT_ASSET_PATHS = "\"OnboardingApp/Preview Content\"";
				DEVELOPMENT_TEAM = 7TJ24QBY4P;
				ENABLE_PREVIEWS = YES;
				INFOPLIST_FILE = OnboardingApp/Info.plist;
				LD_RUNPATH_SEARCH_PATHS = (
					"$(inherited)",
					"@executable_path/Frameworks",
				);
				PRODUCT_BUNDLE_IDENTIFIER = com.grantrudow.OnboardingApp;
				PRODUCT_NAME = "$(TARGET_NAME)";
				SWIFT_VERSION = 5.0;
				TARGETED_DEVICE_FAMILY = "1,2";
			};
			name = Release;
		};
		607E8C8C23E85070009BB858 /* Debug */ = {
			isa = XCBuildConfiguration;
			buildSettings = {
				ALWAYS_EMBED_SWIFT_STANDARD_LIBRARIES = YES;
				BUNDLE_LOADER = "$(TEST_HOST)";
				CODE_SIGN_STYLE = Automatic;
				DEVELOPMENT_TEAM = 7TJ24QBY4P;
				INFOPLIST_FILE = OnboardingAppTests/Info.plist;
				IPHONEOS_DEPLOYMENT_TARGET = 13.2;
				LD_RUNPATH_SEARCH_PATHS = (
					"$(inherited)",
					"@executable_path/Frameworks",
					"@loader_path/Frameworks",
				);
				PRODUCT_BUNDLE_IDENTIFIER = com.grantrudow.OnboardingAppTests;
				PRODUCT_NAME = "$(TARGET_NAME)";
				SWIFT_VERSION = 5.0;
				TARGETED_DEVICE_FAMILY = "1,2";
				TEST_HOST = "$(BUILT_PRODUCTS_DIR)/OnboardingApp.app/OnboardingApp";
			};
			name = Debug;
		};
		607E8C8D23E85070009BB858 /* Release */ = {
			isa = XCBuildConfiguration;
			buildSettings = {
				ALWAYS_EMBED_SWIFT_STANDARD_LIBRARIES = YES;
				BUNDLE_LOADER = "$(TEST_HOST)";
				CODE_SIGN_STYLE = Automatic;
				DEVELOPMENT_TEAM = 7TJ24QBY4P;
				INFOPLIST_FILE = OnboardingAppTests/Info.plist;
				IPHONEOS_DEPLOYMENT_TARGET = 13.2;
				LD_RUNPATH_SEARCH_PATHS = (
					"$(inherited)",
					"@executable_path/Frameworks",
					"@loader_path/Frameworks",
				);
				PRODUCT_BUNDLE_IDENTIFIER = com.grantrudow.OnboardingAppTests;
				PRODUCT_NAME = "$(TARGET_NAME)";
				SWIFT_VERSION = 5.0;
				TARGETED_DEVICE_FAMILY = "1,2";
				TEST_HOST = "$(BUILT_PRODUCTS_DIR)/OnboardingApp.app/OnboardingApp";
			};
			name = Release;
		};
		607E8C8F23E85070009BB858 /* Debug */ = {
			isa = XCBuildConfiguration;
			buildSettings = {
				ALWAYS_EMBED_SWIFT_STANDARD_LIBRARIES = YES;
				CODE_SIGN_STYLE = Automatic;
				DEVELOPMENT_TEAM = 7TJ24QBY4P;
				INFOPLIST_FILE = OnboardingAppUITests/Info.plist;
				LD_RUNPATH_SEARCH_PATHS = (
					"$(inherited)",
					"@executable_path/Frameworks",
					"@loader_path/Frameworks",
				);
				PRODUCT_BUNDLE_IDENTIFIER = com.grantrudow.OnboardingAppUITests;
				PRODUCT_NAME = "$(TARGET_NAME)";
				SWIFT_VERSION = 5.0;
				TARGETED_DEVICE_FAMILY = "1,2";
				TEST_TARGET_NAME = OnboardingApp;
			};
			name = Debug;
		};
		607E8C9023E85070009BB858 /* Release */ = {
			isa = XCBuildConfiguration;
			buildSettings = {
				ALWAYS_EMBED_SWIFT_STANDARD_LIBRARIES = YES;
				CODE_SIGN_STYLE = Automatic;
				DEVELOPMENT_TEAM = 7TJ24QBY4P;
				INFOPLIST_FILE = OnboardingAppUITests/Info.plist;
				LD_RUNPATH_SEARCH_PATHS = (
					"$(inherited)",
					"@executable_path/Frameworks",
					"@loader_path/Frameworks",
				);
				PRODUCT_BUNDLE_IDENTIFIER = com.grantrudow.OnboardingAppUITests;
				PRODUCT_NAME = "$(TARGET_NAME)";
				SWIFT_VERSION = 5.0;
				TARGETED_DEVICE_FAMILY = "1,2";
				TEST_TARGET_NAME = OnboardingApp;
			};
			name = Release;
		};
/* End XCBuildConfiguration section */

/* Begin XCConfigurationList section */
		607E8C5923E8506E009BB858 /* Build configuration list for PBXProject "OnboardingApp" */ = {
			isa = XCConfigurationList;
			buildConfigurations = (
				607E8C8623E85070009BB858 /* Debug */,
				607E8C8723E85070009BB858 /* Release */,
			);
			defaultConfigurationIsVisible = 0;
			defaultConfigurationName = Release;
		};
		607E8C8823E85070009BB858 /* Build configuration list for PBXNativeTarget "OnboardingApp" */ = {
			isa = XCConfigurationList;
			buildConfigurations = (
				607E8C8923E85070009BB858 /* Debug */,
				607E8C8A23E85070009BB858 /* Release */,
			);
			defaultConfigurationIsVisible = 0;
			defaultConfigurationName = Release;
		};
		607E8C8B23E85070009BB858 /* Build configuration list for PBXNativeTarget "OnboardingAppTests" */ = {
			isa = XCConfigurationList;
			buildConfigurations = (
				607E8C8C23E85070009BB858 /* Debug */,
				607E8C8D23E85070009BB858 /* Release */,
			);
			defaultConfigurationIsVisible = 0;
			defaultConfigurationName = Release;
		};
		607E8C8E23E85070009BB858 /* Build configuration list for PBXNativeTarget "OnboardingAppUITests" */ = {
			isa = XCConfigurationList;
			buildConfigurations = (
				607E8C8F23E85070009BB858 /* Debug */,
				607E8C9023E85070009BB858 /* Release */,
			);
			defaultConfigurationIsVisible = 0;
			defaultConfigurationName = Release;
		};
/* End XCConfigurationList section */
	};
	rootObject = 607E8C5623E8506E009BB858 /* Project object */;
}
